
Microsoft Visual Studio Solution File, Format Version 12.00
# Visual Studio Version 16
VisualStudioVersion = 16.0.29920.165
MinimumVisualStudioVersion = 10.0.40219.1
Project("{9A19103F-16F7-4668-BE54-9A1E7A4F7556}") = "API", "API\API.csproj", "{28F58B5A-C734-4926-B639-268846F9B333}"
EndProject
Project("{9A19103F-16F7-4668-BE54-9A1E7A4F7556}") = "S2pDAO", "S2pDAO\S2pDAO.csproj", "{6D0BEAB5-E354-4DFE-B239-388C9224EBCB}"
EndProject
Project("{9A19103F-16F7-4668-BE54-9A1E7A4F7556}") = "S2pEntities", "S2pEntities\S2pEntities.csproj", "{56B4E8BA-7400-47EF-AB35-729367AD44BD}"
EndProject
Global
	GlobalSection(SolutionConfigurationPlatforms) = preSolution
		Debug|Any CPU = Debug|Any CPU
		Release|Any CPU = Release|Any CPU
	EndGlobalSection
	GlobalSection(ProjectConfigurationPlatforms) = postSolution
		{28F58B5A-C734-4926-B639-268846F9B333}.Debug|Any CPU.ActiveCfg = Debug|Any CPU
		{28F58B5A-C734-4926-B639-268846F9B333}.Debug|Any CPU.Build.0 = Debug|Any CPU
		{28F58B5A-C734-4926-B639-268846F9B333}.Release|Any CPU.ActiveCfg = Release|Any CPU
		{28F58B5A-C734-4926-B639-268846F9B333}.Release|Any CPU.Build.0 = Release|Any CPU
		{6D0BEAB5-E354-4DFE-B239-388C9224EBCB}.Debug|Any CPU.ActiveCfg = Debug|Any CPU
		{6D0BEAB5-E354-4DFE-B239-388C9224EBCB}.Debug|Any CPU.Build.0 = Debug|Any CPU
		{6D0BEAB5-E354-4DFE-B239-388C9224EBCB}.Release|Any CPU.ActiveCfg = Release|Any CPU
		{6D0BEAB5-E354-4DFE-B239-388C9224EBCB}.Release|Any CPU.Build.0 = Release|Any CPU
		{56B4E8BA-7400-47EF-AB35-729367AD44BD}.Debug|Any CPU.ActiveCfg = Debug|Any CPU
		{56B4E8BA-7400-47EF-AB35-729367AD44BD}.Debug|Any CPU.Build.0 = Debug|Any CPU
		{56B4E8BA-7400-47EF-AB35-729367AD44BD}.Release|Any CPU.ActiveCfg = Release|Any CPU
		{56B4E8BA-7400-47EF-AB35-729367AD44BD}.Release|Any CPU.Build.0 = Release|Any CPU
	EndGlobalSection
	GlobalSection(SolutionProperties) = preSolution
		HideSolutionNode = FALSE
	EndGlobalSection
	GlobalSection(ExtensibilityGlobals) = postSolution
		SolutionGuid = {C5C3E86A-3312-4A9C-860E-3B13BD9A09E7}
	EndGlobalSection
EndGlobal
